{
  "name": "@backbonedao/solid",
  "version": "1.0.0",
  "lockfileVersion": 2,
  "requires": true,
  "packages": {
    "": {
      "name": "@backbonedao/solid",
      "version": "1.0.0",
      "license": "AGPL-3.0-or-later",
      "dependencies": {
        "solid-js": "^1.6.2",
        "solidjs-hooks": "^1.1.2"
      },
      "devDependencies": {
        "@backbonedao/types": "^1.0.0",
        "@types/node": "^18.11.9"
      }
    },
    "../types": {
      "name": "@backbonedao/types",
      "version": "1.0.0",
      "extraneous": true,
      "license": "AGPL-3.0-or-later",
      "devDependencies": {
        "@types/node": "^18.11.9"
      }
    },
    "node_modules/@backbonedao/types": {
      "version": "1.0.0",
      "resolved": "https://registry.npmjs.org/@backbonedao/types/-/types-1.0.0.tgz",
      "integrity": "sha512-TVfhkeoWoiNujVGFf9vLpt3Na8M5EEAQjtF7XdXd4rsuh/s27bIBhW7qPRP/oLw2HjEc3hFjnmLDryu5qNJDnA==",
      "dev": true
    },
    "node_modules/@types/node": {
      "version": "18.11.9",
      "resolved": "https://registry.npmjs.org/@types/node/-/node-18.11.9.tgz",
      "integrity": "sha512-CRpX21/kGdzjOpFsZSkcrXMGIBWMGNIHXXBVFSH+ggkftxg+XYP20TESbh+zFvFj3EQOl5byk0HTRn1IL6hbqg==",
      "dev": true
    },
    "node_modules/csstype": {
      "version": "3.1.1",
      "resolved": "https://registry.npmjs.org/csstype/-/csstype-3.1.1.tgz",
      "integrity": "sha512-DJR/VvkAvSZW9bTouZue2sSxDwdTN92uHjqeKVm+0dAqdfNykRzQ95tay8aXMBAAPpUiq4Qcug2L7neoRh2Egw=="
    },
    "node_modules/js-cookie": {
      "version": "3.0.1",
      "resolved": "https://registry.npmjs.org/js-cookie/-/js-cookie-3.0.1.tgz",
      "integrity": "sha512-+0rgsUXZu4ncpPxRL+lNEptWMOWl9etvPHc/koSRp6MPwpRYAhmk0dUG00J4bxVV3r9uUzfo24wW0knS07SKSw==",
      "engines": {
        "node": ">=12"
      }
    },
    "node_modules/solid-js": {
      "version": "1.6.2",
      "resolved": "https://registry.npmjs.org/solid-js/-/solid-js-1.6.2.tgz",
      "integrity": "sha512-AZBsj+Yn1xliniTTeuQKG9V7VQVkQ8lZmSKvBjpcVSoZeF7nvt/N5f7Kcsx6QSufioa2YgvBjkIiA0cM0qhotw==",
      "dependencies": {
        "csstype": "^3.1.0"
      }
    },
    "node_modules/solidjs-hooks": {
      "version": "1.1.2",
      "resolved": "https://registry.npmjs.org/solidjs-hooks/-/solidjs-hooks-1.1.2.tgz",
      "integrity": "sha512-YvzhX/V+SXa4n/1ZyvcECg4vd0aaA//UNoLlLRUZI5vXOFV9VI10vQtnfNvSo1zfiTMqt/PZZVSoky862r/xpA==",
      "dependencies": {
        "js-cookie": "^3.0.1"
      }
    }
  },
  "dependencies": {
    "@backbonedao/types": {
      "version": "1.0.0",
      "resolved": "https://registry.npmjs.org/@backbonedao/types/-/types-1.0.0.tgz",
      "integrity": "sha512-TVfhkeoWoiNujVGFf9vLpt3Na8M5EEAQjtF7XdXd4rsuh/s27bIBhW7qPRP/oLw2HjEc3hFjnmLDryu5qNJDnA==",
      "dev": true
    },
    "@types/node": {
      "version": "18.11.9",
      "resolved": "https://registry.npmjs.org/@types/node/-/node-18.11.9.tgz",
      "integrity": "sha512-CRpX21/kGdzjOpFsZSkcrXMGIBWMGNIHXXBVFSH+ggkftxg+XYP20TESbh+zFvFj3EQOl5byk0HTRn1IL6hbqg==",
      "dev": true
    },
    "csstype": {
      "version": "3.1.1",
      "resolved": "https://registry.npmjs.org/csstype/-/csstype-3.1.1.tgz",
      "integrity": "sha512-DJR/VvkAvSZW9bTouZue2sSxDwdTN92uHjqeKVm+0dAqdfNykRzQ95tay8aXMBAAPpUiq4Qcug2L7neoRh2Egw=="
    },
    "js-cookie": {
      "version": "3.0.1",
      "resolved": "https://registry.npmjs.org/js-cookie/-/js-cookie-3.0.1.tgz",
      "integrity": "sha512-+0rgsUXZu4ncpPxRL+lNEptWMOWl9etvPHc/koSRp6MPwpRYAhmk0dUG00J4bxVV3r9uUzfo24wW0knS07SKSw=="
    },
    "solid-js": {
      "version": "1.6.2",
      "resolved": "https://registry.npmjs.org/solid-js/-/solid-js-1.6.2.tgz",
      "integrity": "sha512-AZBsj+Yn1xliniTTeuQKG9V7VQVkQ8lZmSKvBjpcVSoZeF7nvt/N5f7Kcsx6QSufioa2YgvBjkIiA0cM0qhotw==",
      "requires": {
        "csstype": "^3.1.0"
      }
    },
    "solidjs-hooks": {
      "version": "1.1.2",
      "resolved": "https://registry.npmjs.org/solidjs-hooks/-/solidjs-hooks-1.1.2.tgz",
      "integrity": "sha512-YvzhX/V+SXa4n/1ZyvcECg4vd0aaA//UNoLlLRUZI5vXOFV9VI10vQtnfNvSo1zfiTMqt/PZZVSoky862r/xpA==",
      "requires": {
        "js-cookie": "^3.0.1"
      }
    }
  }
}
